
Microsoft Visual Studio Solution File, Format Version 12.00
# Visual Studio Version 17
VisualStudioVersion = 17.9.34723.18
MinimumVisualStudioVersion = 10.0.40219.1
Project("{FAE04EC0-301F-11D3-BF4B-00C04F79EFBC}") = "HDV 2", "HDV 2\HDV 2.csproj", "{C9D3BC76-4E61-4319-8583-CAC0C61722DB}"
EndProject
Global
	GlobalSection(SolutionConfigurationPlatforms) = preSolution
		Debug|Any CPU = Debug|Any CPU
		Release|Any CPU = Release|Any CPU
	EndGlobalSection
	GlobalSection(ProjectConfigurationPlatforms) = postSolution
		{C9D3BC76-4E61-4319-8583-CAC0C61722DB}.Debug|Any CPU.ActiveCfg = Debug|Any CPU
		{C9D3BC76-4E61-4319-8583-CAC0C61722DB}.Debug|Any CPU.Build.0 = Debug|Any CPU
		{C9D3BC76-4E61-4319-8583-CAC0C61722DB}.Release|Any CPU.ActiveCfg = Release|Any CPU
		{C9D3BC76-4E61-4319-8583-CAC0C61722DB}.Release|Any CPU.Build.0 = Release|Any CPU
	EndGlobalSection
	GlobalSection(SolutionProperties) = preSolution
		HideSolutionNode = FALSE
	EndGlobalSection
	GlobalSection(ExtensibilityGlobals) = postSolution
		SolutionGuid = {459CE62C-614F-495D-AF70-E0B570AA2B71}
	EndGlobalSection
EndGlobal
