
Microsoft Visual Studio Solution File, Format Version 12.00
# Visual Studio Version 17
VisualStudioVersion = 17.9.34723.18
MinimumVisualStudioVersion = 10.0.40219.1
Project("{FAE04EC0-301F-11D3-BF4B-00C04F79EFBC}") = "HDV 3", "HDV 3\HDV 3.csproj", "{A9B347B2-C480-476E-B848-EFC907761072}"
EndProject
Global
	GlobalSection(SolutionConfigurationPlatforms) = preSolution
		Debug|Any CPU = Debug|Any CPU
		Release|Any CPU = Release|Any CPU
	EndGlobalSection
	GlobalSection(ProjectConfigurationPlatforms) = postSolution
		{A9B347B2-C480-476E-B848-EFC907761072}.Debug|Any CPU.ActiveCfg = Debug|Any CPU
		{A9B347B2-C480-476E-B848-EFC907761072}.Debug|Any CPU.Build.0 = Debug|Any CPU
		{A9B347B2-C480-476E-B848-EFC907761072}.Release|Any CPU.ActiveCfg = Release|Any CPU
		{A9B347B2-C480-476E-B848-EFC907761072}.Release|Any CPU.Build.0 = Release|Any CPU
	EndGlobalSection
	GlobalSection(SolutionProperties) = preSolution
		HideSolutionNode = FALSE
	EndGlobalSection
	GlobalSection(ExtensibilityGlobals) = postSolution
		SolutionGuid = {85BED15E-EF39-443F-8F04-EA6912316647}
	EndGlobalSection
EndGlobal
